// !$*UTF8*$!
{
	archiveVersion = 1;
	classes = {
	};
	objectVersion = 77;
	objects = {

/* Begin PBXBuildFile section */
		01B1533DB48897C229816B97 /* FileShelfView.swift in Sources */ = {isa = PBXBuildFile; fileRef = F2492D5DEB7B5A3D06A71438 /* FileShelfView.swift */; };
		04ECE3EDDC8307A93346C8D7 /* AnimationConstantsTests.swift in Sources */ = {isa = PBXBuildFile; fileRef = 131645A899F2D79CEAB77B71 /* AnimationConstantsTests.swift */; };
		08501EC420DC05F5C145F087 /* NotchHeightMode.swift in Sources */ = {isa = PBXBuildFile; fileRef = D417FA833B9D037B18B0E863 /* NotchHeightMode.swift */; };
		0CCF5AC7D9A81DB31054C7C3 /* CalendarViewModel.swift in Sources */ = {isa = PBXBuildFile; fileRef = DF2EF8D8F6F5731AB46EB8E1 /* CalendarViewModel.swift */; };
		0EA6501341F52F77A730982E /* ClipboardItem.swift in Sources */ = {isa = PBXBuildFile; fileRef = 4A4E4EECF9B52946B2A74F98 /* ClipboardItem.swift */; };
		15808D9986011928C7329B1D /* MirrorView.swift in Sources */ = {isa = PBXBuildFile; fileRef = 10BFDEA31227D3D0002A2909 /* MirrorView.swift */; };
		1F2C0519E21F42BF27E02F3D /* NotchShapeTests.swift in Sources */ = {isa = PBXBuildFile; fileRef = 2AAF0C149A077BDB0C0A9872 /* NotchShapeTests.swift */; };
		1F61AA5F2BD51D8B9026E0CA /* CameraService.swift in Sources */ = {isa = PBXBuildFile; fileRef = DDCCFED4496E191EE5D5A17F /* CameraService.swift */; };
		20C6855011B6299158F4637E /* CorniceIntents.swift in Sources */ = {isa = PBXBuildFile; fileRef = 7DC8632641EFEAE390891B29 /* CorniceIntents.swift */; };
		23608A9F103209E56EC5371E /* ShortcutModel.swift in Sources */ = {isa = PBXBuildFile; fileRef = ECDC6EBBE22E2FFCB594694F /* ShortcutModel.swift */; };
		266174CC2FAE0952F17E80DA /* SettingsManagerTests.swift in Sources */ = {isa = PBXBuildFile; fileRef = 3BAF2A1BA1B0CE707CCF6457 /* SettingsManagerTests.swift */; };
		2904B4886996C7C7C50F2D6A /* Sparkle in Frameworks */ = {isa = PBXBuildFile; productRef = 0BB57EBB652F8F58105117A5 /* Sparkle */; };
		29817166F1617D16EAD52D31 /* CPUMonitorTests.swift in Sources */ = {isa = PBXBuildFile; fileRef = FBC29BD1C001D6C3A393A97B /* CPUMonitorTests.swift */; };
		2B3A5E5495C8A32B92FBD9CE /* TestTypes.swift in Sources */ = {isa = PBXBuildFile; fileRef = DAFB494D466A8D551A9699F3 /* TestTypes.swift */; };
		2C0BF405815D0EC7AE3AB48E /* HUDViewModel.swift in Sources */ = {isa = PBXBuildFile; fileRef = 07F0844D5CD643A734F4D188 /* HUDViewModel.swift */; };
		307C705D0F7EE60560244CF1 /* FileShelfViewModel.swift in Sources */ = {isa = PBXBuildFile; fileRef = 5D21D0B83C4A72BAE89D3F15 /* FileShelfViewModel.swift */; };
		309EAD6D20E934B7E88911DD /* SettingsTests.swift in Sources */ = {isa = PBXBuildFile; fileRef = FD2508F009024F23D6E34103 /* SettingsTests.swift */; };
		30B1CAC40007CEC46BFA0F11 /* NSScreenNotchTests.swift in Sources */ = {isa = PBXBuildFile; fileRef = 7B206B0553BEE35A0860D4A8 /* NSScreenNotchTests.swift */; };
		30BFDC03552C731E46970805 /* PermissionsManagerTests.swift in Sources */ = {isa = PBXBuildFile; fileRef = 503B10AFFDFD8FD7351507AF /* PermissionsManagerTests.swift */; };
		326E3C23D4A1B447F9070FB8 /* ShelfDropServiceTests.swift in Sources */ = {isa = PBXBuildFile; fileRef = CBDE2937B336111E60640072 /* ShelfDropServiceTests.swift */; };
		355F0F6309A7675D406B2F80 /* NSScreen+Notch.swift in Sources */ = {isa = PBXBuildFile; fileRef = 6290FC6A34809977A562ADB5 /* NSScreen+Notch.swift */; };
		39C5D097473C858109F82CD0 /* SettingsKeys.swift in Sources */ = {isa = PBXBuildFile; fileRef = 00726D8B3E2AA91A5250A882 /* SettingsKeys.swift */; };
		3A9D483C094685D816CC528F /* FileShelfModel.swift in Sources */ = {isa = PBXBuildFile; fileRef = 9B75695A665C90B9A03F7095 /* FileShelfModel.swift */; };
		3B1953C4D3892E4F43EDB0A3 /* CameraServiceTests.swift in Sources */ = {isa = PBXBuildFile; fileRef = 57C452D0BB96F5D9B3ACD70B /* CameraServiceTests.swift */; };
		3F2BB21FAB4944E7171EF2A0 /* SystemMonitorModel.swift in Sources */ = {isa = PBXBuildFile; fileRef = 7613D6185BC4CE37C16340BD /* SystemMonitorModel.swift */; };
		401ED17CC556CBE70EF33EB2 /* NotchDetectorTests.swift in Sources */ = {isa = PBXBuildFile; fileRef = C639689B5EFD761A09689DC1 /* NotchDetectorTests.swift */; };
		41221512072389DD693490EE /* MediaKeyInterceptorTests.swift in Sources */ = {isa = PBXBuildFile; fileRef = 02D267734563384B9D78C028 /* MediaKeyInterceptorTests.swift */; };
		47D2643B23A0B7ADCE642336 /* LaunchAtLogin in Frameworks */ = {isa = PBXBuildFile; productRef = F5523C837F669A1A30329787 /* LaunchAtLogin */; };
		4868526E503A0A20F91876ED /* ShelfStateViewModelTests.swift in Sources */ = {isa = PBXBuildFile; fileRef = 2AA0ED914BFB08F4DBBADDDB /* ShelfStateViewModelTests.swift */; };
		501EFE03BC29902700F02FB8 /* CalendarView.swift in Sources */ = {isa = PBXBuildFile; fileRef = BF50739A7B0F525D98FE258C /* CalendarView.swift */; };
		50BF4DA9C2E58C7D8CCDF8D0 /* MediaPlayerViewModel.swift in Sources */ = {isa = PBXBuildFile; fileRef = 2F13025995B831DE1C44D475 /* MediaPlayerViewModel.swift */; };
		523B682CC9017ED63515E98F /* AppConstantsTests.swift in Sources */ = {isa = PBXBuildFile; fileRef = 7D2579C3F03F3ABF8D364CBA /* AppConstantsTests.swift */; };
		55222E441ADE81F74BE67495 /* FeatureViewModels.swift in Sources */ = {isa = PBXBuildFile; fileRef = 45F4AC2B7FE5A3612DA859BF /* FeatureViewModels.swift */; };
		5BE6BB29E76220D009FBD89F /* ShortcutsTests.swift in Sources */ = {isa = PBXBuildFile; fileRef = CAEEC10F6B3718E50FD4A2C7 /* ShortcutsTests.swift */; };
		605112C540BE5A4CBB5BFF83 /* CalendarService.swift in Sources */ = {isa = PBXBuildFile; fileRef = 9E9B6B8F8C088AAD7E2951E5 /* CalendarService.swift */; };
		612917F4412E4E14CD0EFC4A /* QuickAppsViewModel.swift in Sources */ = {isa = PBXBuildFile; fileRef = 137545279B497122D7ADBBDE /* QuickAppsViewModel.swift */; };
		650599282DE796A1F50F1E35 /* SystemMonitorViewModel.swift in Sources */ = {isa = PBXBuildFile; fileRef = 7621B3E4E78C960747ED07E5 /* SystemMonitorViewModel.swift */; };
		6617B20FDBB2A77BEF1F3F4A /* QuickAppModel.swift in Sources */ = {isa = PBXBuildFile; fileRef = 711C8B941FD8B4631B47D0A9 /* QuickAppModel.swift */; };
		67C3F509B77D0884E5ECC745 /* FileShelfService.swift in Sources */ = {isa = PBXBuildFile; fileRef = 2F985BA09133566DC8F21653 /* FileShelfService.swift */; };
		69A14811A6F44BC2325742FB /* ScreenDescriptor.swift in Sources */ = {isa = PBXBuildFile; fileRef = E6F2C31B1DAE6A87770758FB /* ScreenDescriptor.swift */; };
		6C99A2A853BFBFB9266CFE62 /* AirDropView.swift in Sources */ = {isa = PBXBuildFile; fileRef = A4DF19E29B2C984BE2B2F86B /* AirDropView.swift */; };
		6CB34E93F9086D46F5651775 /* SettingsView.swift in Sources */ = {isa = PBXBuildFile; fileRef = 3481EF76BDB02A156BD603AC /* SettingsView.swift */; };
		6F6A6C38F94C96E3C2059766 /* ClosedStateView.swift in Sources */ = {isa = PBXBuildFile; fileRef = B25E376837731C013F33848E /* ClosedStateView.swift */; };
		762648D50328FE81FF41297C /* ShortcutModelTests.swift in Sources */ = {isa = PBXBuildFile; fileRef = 5C63A19AE9ECDFD5F3001B3C /* ShortcutModelTests.swift */; };
		776992E7682CFEC25CF451E7 /* ScreenManager.swift in Sources */ = {isa = PBXBuildFile; fileRef = 470D1E2B6B550ECA0C476915 /* ScreenManager.swift */; };
		780766750991CB7F9CC646C1 /* VolumeControllerTests.swift in Sources */ = {isa = PBXBuildFile; fileRef = DE060857CBE29CD9B3FD77A4 /* VolumeControllerTests.swift */; };
		7904C9DE44276ED9752D6A21 /* NotchGeometryInfo.swift in Sources */ = {isa = PBXBuildFile; fileRef = 21E47D70C0A6FD11355363B5 /* NotchGeometryInfo.swift */; };
		7C1944A52B0395BF3576CC70 /* MockScreen.swift in Sources */ = {isa = PBXBuildFile; fileRef = 855F595CAAC547E68BCC7765 /* MockScreen.swift */; };
		7D0990D8D511D70F5C5B697C /* ViewCoordinator.swift in Sources */ = {isa = PBXBuildFile; fileRef = 2045C52C6D64A5A4A6AFD3CA /* ViewCoordinator.swift */; };
		80684F2B8421204335B6544A /* ClipboardMonitor.swift in Sources */ = {isa = PBXBuildFile; fileRef = 1B64F41B5E67B76A574738ED /* ClipboardMonitor.swift */; };
		85B929DFC10E506015FEA2C2 /* TabBarView.swift in Sources */ = {isa = PBXBuildFile; fileRef = B4585BE78FDA7362214DFC62 /* TabBarView.swift */; };
		864F5602FC51EC5A20032A74 /* MediaPlayerView.swift in Sources */ = {isa = PBXBuildFile; fileRef = 69961FF5CDCA03DB9AC04E42 /* MediaPlayerView.swift */; };
		8714F68B3A3B0C244AE21711 /* CalendarManagerTests.swift in Sources */ = {isa = PBXBuildFile; fileRef = C64169742D6B7A25E8179321 /* CalendarManagerTests.swift */; };
		88EE7E82B0A6E9ACD989137B /* MediaRemoteService.swift in Sources */ = {isa = PBXBuildFile; fileRef = 676B1E3942402C60CF85053A /* MediaRemoteService.swift */; };
		89B60E15D4AFB1C64090659F /* SettingsKeysTests.swift in Sources */ = {isa = PBXBuildFile; fileRef = 4C37C8332C851C2FC8CBD7A7 /* SettingsKeysTests.swift */; };
		90621D52929420C77A23731D /* MediaControllerTests.swift in Sources */ = {isa = PBXBuildFile; fileRef = D7B5E8505955A6346EB46138 /* MediaControllerTests.swift */; };
		92EB0A74FB832873EE8A6FC7 /* NotchDetector.swift in Sources */ = {isa = PBXBuildFile; fileRef = 271AEDF085E0A1ADCA20D6A3 /* NotchDetector.swift */; };
		95C4911F57D66D8B6DD004E1 /* CalendarViewModelTests.swift in Sources */ = {isa = PBXBuildFile; fileRef = 3F12BAE1519C031E55224FAF /* CalendarViewModelTests.swift */; };
		95C9D9580325F8627F72F6C6 /* AirDropTests.swift in Sources */ = {isa = PBXBuildFile; fileRef = 5B89726AE678C883977EA313 /* AirDropTests.swift */; };
		997E2C8CA31A84ADCADF8DF3 /* NotchPanel.swift in Sources */ = {isa = PBXBuildFile; fileRef = D18BBEDC67A56EC4F8B1F408 /* NotchPanel.swift */; };
		99DC338B841D80D27707F192 /* Logger.swift in Sources */ = {isa = PBXBuildFile; fileRef = 23A89DB9829CCBBA637AF972 /* Logger.swift */; };
		9A0A92A673CDCE7EEDD990D1 /* ClipboardHistoryViewModel.swift in Sources */ = {isa = PBXBuildFile; fileRef = 557CE3F72A446C2B78B94219 /* ClipboardHistoryViewModel.swift */; };
		9ACC52641B58DE46F0DF23BB /* AnimationConstants.swift in Sources */ = {isa = PBXBuildFile; fileRef = 4CA3D346E90308069014FD11 /* AnimationConstants.swift */; };
		9D1C3073E3245A1731C72589 /* CalendarModel.swift in Sources */ = {isa = PBXBuildFile; fileRef = 2D616C6460A1C687FDE2B577 /* CalendarModel.swift */; };
		9FCA439CD2C9D11FCE23DF30 /* CorniceApp.swift in Sources */ = {isa = PBXBuildFile; fileRef = CF425F341E40D7F033FAAFF6 /* CorniceApp.swift */; };
		A4750DBC2EDE3F919DB61B8E /* ViewCoordinatorTests.swift in Sources */ = {isa = PBXBuildFile; fileRef = 0C6F26C27592B02B4B9E2B6B /* ViewCoordinatorTests.swift */; };
		A4915796935769FA3B79D30D /* ClipboardViewModelTests.swift in Sources */ = {isa = PBXBuildFile; fileRef = CB81FA320481A189FA0C3A84 /* ClipboardViewModelTests.swift */; };
		A4D73E0D11190CD3CCFC6264 /* NotchState.swift in Sources */ = {isa = PBXBuildFile; fileRef = B500FD01E38FAAF9FD506046 /* NotchState.swift */; };
		A4F1056BACE80CC37C195453 /* NotchShape.swift in Sources */ = {isa = PBXBuildFile; fileRef = 55AF14B5B16116EE57959CE3 /* NotchShape.swift */; };
		A5BB2FFF722C446ECDE2A328 /* OpenStateView.swift in Sources */ = {isa = PBXBuildFile; fileRef = 38E38EEB1ECD4CDCDD0DBE4E /* OpenStateView.swift */; };
		A93081E68988D9513F9748EA /* BatteryMonitorTests.swift in Sources */ = {isa = PBXBuildFile; fileRef = 9EDE1B0CF7120230A7841379 /* BatteryMonitorTests.swift */; };
		AED92CBA6009603964D49522 /* Defaults in Frameworks */ = {isa = PBXBuildFile; productRef = AAA7897B2CA8BF8B1D70E39C /* Defaults */; };
		AF804E0DDE6FE6170D4F4199 /* HUDModel.swift in Sources */ = {isa = PBXBuildFile; fileRef = BC135909AEC114DC5654A67E /* HUDModel.swift */; };
		B4D37A816D336E154FD7BF54 /* KeyboardShortcuts in Frameworks */ = {isa = PBXBuildFile; productRef = F553FB9945F6EC1D52406BAE /* KeyboardShortcuts */; };
		B5D9616E455A215D19C03A65 /* MemoryMonitorTests.swift in Sources */ = {isa = PBXBuildFile; fileRef = E1774E918F538D9E06E27265 /* MemoryMonitorTests.swift */; };
		B62440B529B2ABC6F8801159 /* AppDelegate.swift in Sources */ = {isa = PBXBuildFile; fileRef = CCF3F0B879D43A249ED96308 /* AppDelegate.swift */; };
		B66D9221E3BC476DE77304AD /* ExpandedDetailView.swift in Sources */ = {isa = PBXBuildFile; fileRef = 87704473418484F241D891DE /* ExpandedDetailView.swift */; };
		B68DE8E383388E1B5FCEEE50 /* HUDManagerTests.swift in Sources */ = {isa = PBXBuildFile; fileRef = E44632007C41FFCFEE0CCB1A /* HUDManagerTests.swift */; };
		BA6A24C7A5C730A83B44F72C /* NotchViewModel.swift in Sources */ = {isa = PBXBuildFile; fileRef = BDE7C769C8D74E1B73AE0CEC /* NotchViewModel.swift */; };
		BB2739D4E60B37CB6EE49C53 /* QuickAppsView.swift in Sources */ = {isa = PBXBuildFile; fileRef = 750824B13F6A36C439843A26 /* QuickAppsView.swift */; };
		BC6560E7032EF0A5CC68A80B /* NotchPanelController.swift in Sources */ = {isa = PBXBuildFile; fileRef = 94CC8F92A400323CF3CE83E7 /* NotchPanelController.swift */; };
		BE3DCA346E68BF23A74E8113 /* ClipboardHistoryView.swift in Sources */ = {isa = PBXBuildFile; fileRef = 76507853DF4EB107872FDADC /* ClipboardHistoryView.swift */; };
		BE511A301E1DD956B431DAD5 /* QuickAppsManagerTests.swift in Sources */ = {isa = PBXBuildFile; fileRef = CBEDDB2B4592B763790FBF27 /* QuickAppsManagerTests.swift */; };
		BF7C4B24CA99B9D57EAEAA83 /* ClipboardMonitorTests.swift in Sources */ = {isa = PBXBuildFile; fileRef = 968EB7D572550B359B026C87 /* ClipboardMonitorTests.swift */; };
		C80CF8AD4028375DD8CC938A /* NotchViewModelTests.swift in Sources */ = {isa = PBXBuildFile; fileRef = E3A5D65EFD42DE5A096C0F14 /* NotchViewModelTests.swift */; };
		C93F48BE4BC695E6FC0BF107 /* MusicManagerTests.swift in Sources */ = {isa = PBXBuildFile; fileRef = 9424AFDC0FD765A99ED19E16 /* MusicManagerTests.swift */; };
		C956DD783075471074E7ED90 /* View+ConditionalModifier.swift in Sources */ = {isa = PBXBuildFile; fileRef = 5C287807A9A69FBA1914BA5B /* View+ConditionalModifier.swift */; };
		C98FF8A858C01D92A80EAAAE /* HoverDetector.swift in Sources */ = {isa = PBXBuildFile; fileRef = 72080747A91F67DFDB5D932B /* HoverDetector.swift */; };
		C99E95836B930866B9F67534 /* MediaPlayerModel.swift in Sources */ = {isa = PBXBuildFile; fileRef = 1965F0A938961E5E7E6053A7 /* MediaPlayerModel.swift */; };
		D7555DE3A95B2568102C5826 /* SystemMonitorViewModelTests.swift in Sources */ = {isa = PBXBuildFile; fileRef = E0698A6593D7F91630D604D6 /* SystemMonitorViewModelTests.swift */; };
		D81F008368826ABF94329B0F /* SystemMonitorView.swift in Sources */ = {isa = PBXBuildFile; fileRef = C985658D694A474490DA129F /* SystemMonitorView.swift */; };
		D8D066293D4C595DBB1392B0 /* AppConstants.swift in Sources */ = {isa = PBXBuildFile; fileRef = 963D71DE959CC0D1FDB242A5 /* AppConstants.swift */; };
		D9C86CF09BAF91473ECD07A2 /* NetworkMonitorTests.swift in Sources */ = {isa = PBXBuildFile; fileRef = 1D8615FFDD38ED9CF2CD5F01 /* NetworkMonitorTests.swift */; };
		DB70EEFCF787EE17D9AEBED0 /* NotchGeometryTests.swift in Sources */ = {isa = PBXBuildFile; fileRef = B20F2062B75DA6CC37212472 /* NotchGeometryTests.swift */; };
		E26E6303CF29D5BD81E0DBE0 /* ContentView.swift in Sources */ = {isa = PBXBuildFile; fileRef = D32E6068CFECE4B202F5E115 /* ContentView.swift */; };
		E2D5AC0B322F89463563D7F8 /* NotchStateTests.swift in Sources */ = {isa = PBXBuildFile; fileRef = 587BC8DE1374E3DD2BB9632D /* NotchStateTests.swift */; };
		E4B46D38F2E4A9DEF648B235 /* HUDView.swift in Sources */ = {isa = PBXBuildFile; fileRef = 66FFE3B251085C95F4DD0987 /* HUDView.swift */; };
		E8340872820586042C01EE0B /* SystemMetricsService.swift in Sources */ = {isa = PBXBuildFile; fileRef = E643C0EDACD5DFB5A49DEC91 /* SystemMetricsService.swift */; };
		EB0A0961B622EF72D919A0A2 /* MirrorModel.swift in Sources */ = {isa = PBXBuildFile; fileRef = DB0C5D306E70456425A9498D /* MirrorModel.swift */; };
		EE1357DD9B24483FA8D4EC26 /* PermissionsManager.swift in Sources */ = {isa = PBXBuildFile; fileRef = 27E813C6FA7CF2969041A9B5 /* PermissionsManager.swift */; };
		EEEDC2CE2F0B00ACF397F637 /* AirDropModel.swift in Sources */ = {isa = PBXBuildFile; fileRef = E28646E30B44EE4F1B5D2045 /* AirDropModel.swift */; };
		EF5524818F24BC918759ED00 /* SneakPeekView.swift in Sources */ = {isa = PBXBuildFile; fileRef = 56FC140D62B0E13805E862B8 /* SneakPeekView.swift */; };
		F28F50D5C9256F4E3C526074 /* TemporaryFileStorageTests.swift in Sources */ = {isa = PBXBuildFile; fileRef = 1743B079E87C465D9E651A73 /* TemporaryFileStorageTests.swift */; };
		F3936DD18D375118CFC5564A /* HUDInterceptor.swift in Sources */ = {isa = PBXBuildFile; fileRef = 70A6B971C3D272D971B97669 /* HUDInterceptor.swift */; };
		F61D46605E19C7B03CA0DB77 /* Assets.xcassets in Resources */ = {isa = PBXBuildFile; fileRef = 5AB1FD8E636ABAFAEF57A7D4 /* Assets.xcassets */; };
		F72486E0B2AB96BCC56FC448 /* ShortcutsView.swift in Sources */ = {isa = PBXBuildFile; fileRef = 451239E9AC92DD0DCA2F22BC /* ShortcutsView.swift */; };
		FE7666BF4C4FAA43F3038162 /* AirDropMonitor.swift in Sources */ = {isa = PBXBuildFile; fileRef = 0E9C3A1015B148AEB3B9A32B /* AirDropMonitor.swift */; };
/* End PBXBuildFile section */

/* Begin PBXContainerItemProxy section */
		97A40EE340E5F67D1FA441B6 /* PBXContainerItemProxy */ = {
			isa = PBXContainerItemProxy;
			containerPortal = 5355ED98AC136E374737F9A5 /* Project object */;
			proxyType = 1;
			remoteGlobalIDString = 58D9058CE28431C413B942FD;
			remoteInfo = Cornice;
		};
/* End PBXContainerItemProxy section */

/* Begin PBXFileReference section */
		00726D8B3E2AA91A5250A882 /* SettingsKeys.swift */ = {isa = PBXFileReference; lastKnownFileType = sourcecode.swift; path = SettingsKeys.swift; sourceTree = "<group>"; };
		02D267734563384B9D78C028 /* MediaKeyInterceptorTests.swift */ = {isa = PBXFileReference; lastKnownFileType = sourcecode.swift; path = MediaKeyInterceptorTests.swift; sourceTree = "<group>"; };
		07F0844D5CD643A734F4D188 /* HUDViewModel.swift */ = {isa = PBXFileReference; lastKnownFileType = sourcecode.swift; path = HUDViewModel.swift; sourceTree = "<group>"; };
		0C6F26C27592B02B4B9E2B6B /* ViewCoordinatorTests.swift */ = {isa = PBXFileReference; lastKnownFileType = sourcecode.swift; path = ViewCoordinatorTests.swift; sourceTree = "<group>"; };
		0E9C3A1015B148AEB3B9A32B /* AirDropMonitor.swift */ = {isa = PBXFileReference; lastKnownFileType = sourcecode.swift; path = AirDropMonitor.swift; sourceTree = "<group>"; };
		10BFDEA31227D3D0002A2909 /* MirrorView.swift */ = {isa = PBXFileReference; lastKnownFileType = sourcecode.swift; path = MirrorView.swift; sourceTree = "<group>"; };
		131645A899F2D79CEAB77B71 /* AnimationConstantsTests.swift */ = {isa = PBXFileReference; lastKnownFileType = sourcecode.swift; path = AnimationConstantsTests.swift; sourceTree = "<group>"; };
		137545279B497122D7ADBBDE /* QuickAppsViewModel.swift */ = {isa = PBXFileReference; lastKnownFileType = sourcecode.swift; path = QuickAppsViewModel.swift; sourceTree = "<group>"; };
		1743B079E87C465D9E651A73 /* TemporaryFileStorageTests.swift */ = {isa = PBXFileReference; lastKnownFileType = sourcecode.swift; path = TemporaryFileStorageTests.swift; sourceTree = "<group>"; };
		1965F0A938961E5E7E6053A7 /* MediaPlayerModel.swift */ = {isa = PBXFileReference; lastKnownFileType = sourcecode.swift; path = MediaPlayerModel.swift; sourceTree = "<group>"; };
		1B64F41B5E67B76A574738ED /* ClipboardMonitor.swift */ = {isa = PBXFileReference; lastKnownFileType = sourcecode.swift; path = ClipboardMonitor.swift; sourceTree = "<group>"; };
		1D8615FFDD38ED9CF2CD5F01 /* NetworkMonitorTests.swift */ = {isa = PBXFileReference; lastKnownFileType = sourcecode.swift; path = NetworkMonitorTests.swift; sourceTree = "<group>"; };
		2045C52C6D64A5A4A6AFD3CA /* ViewCoordinator.swift */ = {isa = PBXFileReference; lastKnownFileType = sourcecode.swift; path = ViewCoordinator.swift; sourceTree = "<group>"; };
		21E47D70C0A6FD11355363B5 /* NotchGeometryInfo.swift */ = {isa = PBXFileReference; lastKnownFileType = sourcecode.swift; path = NotchGeometryInfo.swift; sourceTree = "<group>"; };
		23A89DB9829CCBBA637AF972 /* Logger.swift */ = {isa = PBXFileReference; lastKnownFileType = sourcecode.swift; path = Logger.swift; sourceTree = "<group>"; };
		271AEDF085E0A1ADCA20D6A3 /* NotchDetector.swift */ = {isa = PBXFileReference; lastKnownFileType = sourcecode.swift; path = NotchDetector.swift; sourceTree = "<group>"; };
		27E813C6FA7CF2969041A9B5 /* PermissionsManager.swift */ = {isa = PBXFileReference; lastKnownFileType = sourcecode.swift; path = PermissionsManager.swift; sourceTree = "<group>"; };
		2AA0ED914BFB08F4DBBADDDB /* ShelfStateViewModelTests.swift */ = {isa = PBXFileReference; lastKnownFileType = sourcecode.swift; path = ShelfStateViewModelTests.swift; sourceTree = "<group>"; };
		2AAF0C149A077BDB0C0A9872 /* NotchShapeTests.swift */ = {isa = PBXFileReference; lastKnownFileType = sourcecode.swift; path = NotchShapeTests.swift; sourceTree = "<group>"; };
		2D616C6460A1C687FDE2B577 /* CalendarModel.swift */ = {isa = PBXFileReference; lastKnownFileType = sourcecode.swift; path = CalendarModel.swift; sourceTree = "<group>"; };
		2F13025995B831DE1C44D475 /* MediaPlayerViewModel.swift */ = {isa = PBXFileReference; lastKnownFileType = sourcecode.swift; path = MediaPlayerViewModel.swift; sourceTree = "<group>"; };
		2F985BA09133566DC8F21653 /* FileShelfService.swift */ = {isa = PBXFileReference; lastKnownFileType = sourcecode.swift; path = FileShelfService.swift; sourceTree = "<group>"; };
		3481EF76BDB02A156BD603AC /* SettingsView.swift */ = {isa = PBXFileReference; lastKnownFileType = sourcecode.swift; path = SettingsView.swift; sourceTree = "<group>"; };
		38E38EEB1ECD4CDCDD0DBE4E /* OpenStateView.swift */ = {isa = PBXFileReference; lastKnownFileType = sourcecode.swift; path = OpenStateView.swift; sourceTree = "<group>"; };
		3BAF2A1BA1B0CE707CCF6457 /* SettingsManagerTests.swift */ = {isa = PBXFileReference; lastKnownFileType = sourcecode.swift; path = SettingsManagerTests.swift; sourceTree = "<group>"; };
		3F12BAE1519C031E55224FAF /* CalendarViewModelTests.swift */ = {isa = PBXFileReference; lastKnownFileType = sourcecode.swift; path = CalendarViewModelTests.swift; sourceTree = "<group>"; };
		451239E9AC92DD0DCA2F22BC /* ShortcutsView.swift */ = {isa = PBXFileReference; lastKnownFileType = sourcecode.swift; path = ShortcutsView.swift; sourceTree = "<group>"; };
		45F4AC2B7FE5A3612DA859BF /* FeatureViewModels.swift */ = {isa = PBXFileReference; lastKnownFileType = sourcecode.swift; path = FeatureViewModels.swift; sourceTree = "<group>"; };
		470D1E2B6B550ECA0C476915 /* ScreenManager.swift */ = {isa = PBXFileReference; lastKnownFileType = sourcecode.swift; path = ScreenManager.swift; sourceTree = "<group>"; };
		4A4E4EECF9B52946B2A74F98 /* ClipboardItem.swift */ = {isa = PBXFileReference; lastKnownFileType = sourcecode.swift; path = ClipboardItem.swift; sourceTree = "<group>"; };
		4C37C8332C851C2FC8CBD7A7 /* SettingsKeysTests.swift */ = {isa = PBXFileReference; lastKnownFileType = sourcecode.swift; path = SettingsKeysTests.swift; sourceTree = "<group>"; };
		4CA3D346E90308069014FD11 /* AnimationConstants.swift */ = {isa = PBXFileReference; lastKnownFileType = sourcecode.swift; path = AnimationConstants.swift; sourceTree = "<group>"; };
		503B10AFFDFD8FD7351507AF /* PermissionsManagerTests.swift */ = {isa = PBXFileReference; lastKnownFileType = sourcecode.swift; path = PermissionsManagerTests.swift; sourceTree = "<group>"; };
		557CE3F72A446C2B78B94219 /* ClipboardHistoryViewModel.swift */ = {isa = PBXFileReference; lastKnownFileType = sourcecode.swift; path = ClipboardHistoryViewModel.swift; sourceTree = "<group>"; };
		55AF14B5B16116EE57959CE3 /* NotchShape.swift */ = {isa = PBXFileReference; lastKnownFileType = sourcecode.swift; path = NotchShape.swift; sourceTree = "<group>"; };
		56FC140D62B0E13805E862B8 /* SneakPeekView.swift */ = {isa = PBXFileReference; lastKnownFileType = sourcecode.swift; path = SneakPeekView.swift; sourceTree = "<group>"; };
		57C452D0BB96F5D9B3ACD70B /* CameraServiceTests.swift */ = {isa = PBXFileReference; lastKnownFileType = sourcecode.swift; path = CameraServiceTests.swift; sourceTree = "<group>"; };
		587BC8DE1374E3DD2BB9632D /* NotchStateTests.swift */ = {isa = PBXFileReference; lastKnownFileType = sourcecode.swift; path = NotchStateTests.swift; sourceTree = "<group>"; };
		5AB1FD8E636ABAFAEF57A7D4 /* Assets.xcassets */ = {isa = PBXFileReference; lastKnownFileType = folder.assetcatalog; path = Assets.xcassets; sourceTree = "<group>"; };
		5B89726AE678C883977EA313 /* AirDropTests.swift */ = {isa = PBXFileReference; lastKnownFileType = sourcecode.swift; path = AirDropTests.swift; sourceTree = "<group>"; };
		5C287807A9A69FBA1914BA5B /* View+ConditionalModifier.swift */ = {isa = PBXFileReference; lastKnownFileType = sourcecode.swift; path = "View+ConditionalModifier.swift"; sourceTree = "<group>"; };
		5C63A19AE9ECDFD5F3001B3C /* ShortcutModelTests.swift */ = {isa = PBXFileReference; lastKnownFileType = sourcecode.swift; path = ShortcutModelTests.swift; sourceTree = "<group>"; };
		5D21D0B83C4A72BAE89D3F15 /* FileShelfViewModel.swift */ = {isa = PBXFileReference; lastKnownFileType = sourcecode.swift; path = FileShelfViewModel.swift; sourceTree = "<group>"; };
		6290FC6A34809977A562ADB5 /* NSScreen+Notch.swift */ = {isa = PBXFileReference; lastKnownFileType = sourcecode.swift; path = "NSScreen+Notch.swift"; sourceTree = "<group>"; };
		66FFE3B251085C95F4DD0987 /* HUDView.swift */ = {isa = PBXFileReference; lastKnownFileType = sourcecode.swift; path = HUDView.swift; sourceTree = "<group>"; };
		676B1E3942402C60CF85053A /* MediaRemoteService.swift */ = {isa = PBXFileReference; lastKnownFileType = sourcecode.swift; path = MediaRemoteService.swift; sourceTree = "<group>"; };
		69961FF5CDCA03DB9AC04E42 /* MediaPlayerView.swift */ = {isa = PBXFileReference; lastKnownFileType = sourcecode.swift; path = MediaPlayerView.swift; sourceTree = "<group>"; };
		70A6B971C3D272D971B97669 /* HUDInterceptor.swift */ = {isa = PBXFileReference; lastKnownFileType = sourcecode.swift; path = HUDInterceptor.swift; sourceTree = "<group>"; };
		711C8B941FD8B4631B47D0A9 /* QuickAppModel.swift */ = {isa = PBXFileReference; lastKnownFileType = sourcecode.swift; path = QuickAppModel.swift; sourceTree = "<group>"; };
		72080747A91F67DFDB5D932B /* HoverDetector.swift */ = {isa = PBXFileReference; lastKnownFileType = sourcecode.swift; path = HoverDetector.swift; sourceTree = "<group>"; };
		750824B13F6A36C439843A26 /* QuickAppsView.swift */ = {isa = PBXFileReference; lastKnownFileType = sourcecode.swift; path = QuickAppsView.swift; sourceTree = "<group>"; };
		7613D6185BC4CE37C16340BD /* SystemMonitorModel.swift */ = {isa = PBXFileReference; lastKnownFileType = sourcecode.swift; path = SystemMonitorModel.swift; sourceTree = "<group>"; };
		7621B3E4E78C960747ED07E5 /* SystemMonitorViewModel.swift */ = {isa = PBXFileReference; lastKnownFileType = sourcecode.swift; path = SystemMonitorViewModel.swift; sourceTree = "<group>"; };
		76507853DF4EB107872FDADC /* ClipboardHistoryView.swift */ = {isa = PBXFileReference; lastKnownFileType = sourcecode.swift; path = ClipboardHistoryView.swift; sourceTree = "<group>"; };
		792DB47679E1FAA3F1F3058E /* CorniceTests.xctest */ = {isa = PBXFileReference; explicitFileType = wrapper.cfbundle; includeInIndex = 0; path = CorniceTests.xctest; sourceTree = BUILT_PRODUCTS_DIR; };
		7B206B0553BEE35A0860D4A8 /* NSScreenNotchTests.swift */ = {isa = PBXFileReference; lastKnownFileType = sourcecode.swift; path = NSScreenNotchTests.swift; sourceTree = "<group>"; };
		7D2579C3F03F3ABF8D364CBA /* AppConstantsTests.swift */ = {isa = PBXFileReference; lastKnownFileType = sourcecode.swift; path = AppConstantsTests.swift; sourceTree = "<group>"; };
		7DC8632641EFEAE390891B29 /* CorniceIntents.swift */ = {isa = PBXFileReference; lastKnownFileType = sourcecode.swift; path = CorniceIntents.swift; sourceTree = "<group>"; };
		855F595CAAC547E68BCC7765 /* MockScreen.swift */ = {isa = PBXFileReference; lastKnownFileType = sourcecode.swift; path = MockScreen.swift; sourceTree = "<group>"; };
		87704473418484F241D891DE /* ExpandedDetailView.swift */ = {isa = PBXFileReference; lastKnownFileType = sourcecode.swift; path = ExpandedDetailView.swift; sourceTree = "<group>"; };
		9424AFDC0FD765A99ED19E16 /* MusicManagerTests.swift */ = {isa = PBXFileReference; lastKnownFileType = sourcecode.swift; path = MusicManagerTests.swift; sourceTree = "<group>"; };
		94CC8F92A400323CF3CE83E7 /* NotchPanelController.swift */ = {isa = PBXFileReference; lastKnownFileType = sourcecode.swift; path = NotchPanelController.swift; sourceTree = "<group>"; };
		963D71DE959CC0D1FDB242A5 /* AppConstants.swift */ = {isa = PBXFileReference; lastKnownFileType = sourcecode.swift; path = AppConstants.swift; sourceTree = "<group>"; };
		968EB7D572550B359B026C87 /* ClipboardMonitorTests.swift */ = {isa = PBXFileReference; lastKnownFileType = sourcecode.swift; path = ClipboardMonitorTests.swift; sourceTree = "<group>"; };
		9B75695A665C90B9A03F7095 /* FileShelfModel.swift */ = {isa = PBXFileReference; lastKnownFileType = sourcecode.swift; path = FileShelfModel.swift; sourceTree = "<group>"; };
		9E9B6B8F8C088AAD7E2951E5 /* CalendarService.swift */ = {isa = PBXFileReference; lastKnownFileType = sourcecode.swift; path = CalendarService.swift; sourceTree = "<group>"; };
		9EDE1B0CF7120230A7841379 /* BatteryMonitorTests.swift */ = {isa = PBXFileReference; lastKnownFileType = sourcecode.swift; path = BatteryMonitorTests.swift; sourceTree = "<group>"; };
		A4DF19E29B2C984BE2B2F86B /* AirDropView.swift */ = {isa = PBXFileReference; lastKnownFileType = sourcecode.swift; path = AirDropView.swift; sourceTree = "<group>"; };
		B20F2062B75DA6CC37212472 /* NotchGeometryTests.swift */ = {isa = PBXFileReference; lastKnownFileType = sourcecode.swift; path = NotchGeometryTests.swift; sourceTree = "<group>"; };
		B25E376837731C013F33848E /* ClosedStateView.swift */ = {isa = PBXFileReference; lastKnownFileType = sourcecode.swift; path = ClosedStateView.swift; sourceTree = "<group>"; };
		B4585BE78FDA7362214DFC62 /* TabBarView.swift */ = {isa = PBXFileReference; lastKnownFileType = sourcecode.swift; path = TabBarView.swift; sourceTree = "<group>"; };
		B500FD01E38FAAF9FD506046 /* NotchState.swift */ = {isa = PBXFileReference; lastKnownFileType = sourcecode.swift; path = NotchState.swift; sourceTree = "<group>"; };
		BC135909AEC114DC5654A67E /* HUDModel.swift */ = {isa = PBXFileReference; lastKnownFileType = sourcecode.swift; path = HUDModel.swift; sourceTree = "<group>"; };
		BDE7C769C8D74E1B73AE0CEC /* NotchViewModel.swift */ = {isa = PBXFileReference; lastKnownFileType = sourcecode.swift; path = NotchViewModel.swift; sourceTree = "<group>"; };
		BF50739A7B0F525D98FE258C /* CalendarView.swift */ = {isa = PBXFileReference; lastKnownFileType = sourcecode.swift; path = CalendarView.swift; sourceTree = "<group>"; };
		C639689B5EFD761A09689DC1 /* NotchDetectorTests.swift */ = {isa = PBXFileReference; lastKnownFileType = sourcecode.swift; path = NotchDetectorTests.swift; sourceTree = "<group>"; };
		C64169742D6B7A25E8179321 /* CalendarManagerTests.swift */ = {isa = PBXFileReference; lastKnownFileType = sourcecode.swift; path = CalendarManagerTests.swift; sourceTree = "<group>"; };
		C985658D694A474490DA129F /* SystemMonitorView.swift */ = {isa = PBXFileReference; lastKnownFileType = sourcecode.swift; path = SystemMonitorView.swift; sourceTree = "<group>"; };
		CA880DC0D088912A66785F80 /* Cornice.app */ = {isa = PBXFileReference; explicitFileType = wrapper.application; includeInIndex = 0; path = Cornice.app; sourceTree = BUILT_PRODUCTS_DIR; };
		CAEEC10F6B3718E50FD4A2C7 /* ShortcutsTests.swift */ = {isa = PBXFileReference; lastKnownFileType = sourcecode.swift; path = ShortcutsTests.swift; sourceTree = "<group>"; };
		CB81FA320481A189FA0C3A84 /* ClipboardViewModelTests.swift */ = {isa = PBXFileReference; lastKnownFileType = sourcecode.swift; path = ClipboardViewModelTests.swift; sourceTree = "<group>"; };
		CBDE2937B336111E60640072 /* ShelfDropServiceTests.swift */ = {isa = PBXFileReference; lastKnownFileType = sourcecode.swift; path = ShelfDropServiceTests.swift; sourceTree = "<group>"; };
		CBEDDB2B4592B763790FBF27 /* QuickAppsManagerTests.swift */ = {isa = PBXFileReference; lastKnownFileType = sourcecode.swift; path = QuickAppsManagerTests.swift; sourceTree = "<group>"; };
		CCF3F0B879D43A249ED96308 /* AppDelegate.swift */ = {isa = PBXFileReference; lastKnownFileType = sourcecode.swift; path = AppDelegate.swift; sourceTree = "<group>"; };
		CF425F341E40D7F033FAAFF6 /* CorniceApp.swift */ = {isa = PBXFileReference; lastKnownFileType = sourcecode.swift; path = CorniceApp.swift; sourceTree = "<group>"; };
		D18BBEDC67A56EC4F8B1F408 /* NotchPanel.swift */ = {isa = PBXFileReference; lastKnownFileType = sourcecode.swift; path = NotchPanel.swift; sourceTree = "<group>"; };
		D32E6068CFECE4B202F5E115 /* ContentView.swift */ = {isa = PBXFileReference; lastKnownFileType = sourcecode.swift; path = ContentView.swift; sourceTree = "<group>"; };
		D417FA833B9D037B18B0E863 /* NotchHeightMode.swift */ = {isa = PBXFileReference; lastKnownFileType = sourcecode.swift; path = NotchHeightMode.swift; sourceTree = "<group>"; };
		D7B5E8505955A6346EB46138 /* MediaControllerTests.swift */ = {isa = PBXFileReference; lastKnownFileType = sourcecode.swift; path = MediaControllerTests.swift; sourceTree = "<group>"; };
		DAFB494D466A8D551A9699F3 /* TestTypes.swift */ = {isa = PBXFileReference; lastKnownFileType = sourcecode.swift; path = TestTypes.swift; sourceTree = "<group>"; };
		DB0C5D306E70456425A9498D /* MirrorModel.swift */ = {isa = PBXFileReference; lastKnownFileType = sourcecode.swift; path = MirrorModel.swift; sourceTree = "<group>"; };
		DDCCFED4496E191EE5D5A17F /* CameraService.swift */ = {isa = PBXFileReference; lastKnownFileType = sourcecode.swift; path = CameraService.swift; sourceTree = "<group>"; };
		DE060857CBE29CD9B3FD77A4 /* VolumeControllerTests.swift */ = {isa = PBXFileReference; lastKnownFileType = sourcecode.swift; path = VolumeControllerTests.swift; sourceTree = "<group>"; };
		DF2EF8D8F6F5731AB46EB8E1 /* CalendarViewModel.swift */ = {isa = PBXFileReference; lastKnownFileType = sourcecode.swift; path = CalendarViewModel.swift; sourceTree = "<group>"; };
		E0698A6593D7F91630D604D6 /* SystemMonitorViewModelTests.swift */ = {isa = PBXFileReference; lastKnownFileType = sourcecode.swift; path = SystemMonitorViewModelTests.swift; sourceTree = "<group>"; };
		E1774E918F538D9E06E27265 /* MemoryMonitorTests.swift */ = {isa = PBXFileReference; lastKnownFileType = sourcecode.swift; path = MemoryMonitorTests.swift; sourceTree = "<group>"; };
		E28646E30B44EE4F1B5D2045 /* AirDropModel.swift */ = {isa = PBXFileReference; lastKnownFileType = sourcecode.swift; path = AirDropModel.swift; sourceTree = "<group>"; };
		E3A5D65EFD42DE5A096C0F14 /* NotchViewModelTests.swift */ = {isa = PBXFileReference; lastKnownFileType = sourcecode.swift; path = NotchViewModelTests.swift; sourceTree = "<group>"; };
		E44632007C41FFCFEE0CCB1A /* HUDManagerTests.swift */ = {isa = PBXFileReference; lastKnownFileType = sourcecode.swift; path = HUDManagerTests.swift; sourceTree = "<group>"; };
		E643C0EDACD5DFB5A49DEC91 /* SystemMetricsService.swift */ = {isa = PBXFileReference; lastKnownFileType = sourcecode.swift; path = SystemMetricsService.swift; sourceTree = "<group>"; };
		E6F2C31B1DAE6A87770758FB /* ScreenDescriptor.swift */ = {isa = PBXFileReference; lastKnownFileType = sourcecode.swift; path = ScreenDescriptor.swift; sourceTree = "<group>"; };
		ECDC6EBBE22E2FFCB594694F /* ShortcutModel.swift */ = {isa = PBXFileReference; lastKnownFileType = sourcecode.swift; path = ShortcutModel.swift; sourceTree = "<group>"; };
		F2492D5DEB7B5A3D06A71438 /* FileShelfView.swift */ = {isa = PBXFileReference; lastKnownFileType = sourcecode.swift; path = FileShelfView.swift; sourceTree = "<group>"; };
		FBC29BD1C001D6C3A393A97B /* CPUMonitorTests.swift */ = {isa = PBXFileReference; lastKnownFileType = sourcecode.swift; path = CPUMonitorTests.swift; sourceTree = "<group>"; };
		FD2508F009024F23D6E34103 /* SettingsTests.swift */ = {isa = PBXFileReference; lastKnownFileType = sourcecode.swift; path = SettingsTests.swift; sourceTree = "<group>"; };
/* End PBXFileReference section */

/* Begin PBXFrameworksBuildPhase section */
		E7423921A7B693A5FB81B03F /* Frameworks */ = {
			isa = PBXFrameworksBuildPhase;
			buildActionMask = 2147483647;
			files = (
				AED92CBA6009603964D49522 /* Defaults in Frameworks */,
				B4D37A816D336E154FD7BF54 /* KeyboardShortcuts in Frameworks */,
				47D2643B23A0B7ADCE642336 /* LaunchAtLogin in Frameworks */,
				2904B4886996C7C7C50F2D6A /* Sparkle in Frameworks */,
			);
			runOnlyForDeploymentPostprocessing = 0;
		};
/* End PBXFrameworksBuildPhase section */

/* Begin PBXGroup section */
		073C1150EF0B7E77FF1A4865 /* ViewModels */ = {
			isa = PBXGroup;
			children = (
				5D21D0B83C4A72BAE89D3F15 /* FileShelfViewModel.swift */,
			);
			path = ViewModels;
			sourceTree = "<group>";
		};
		096B42CA475D8E8A66F432B0 /* ViewModels */ = {
			isa = PBXGroup;
			children = (
				7621B3E4E78C960747ED07E5 /* SystemMonitorViewModel.swift */,
			);
			path = ViewModels;
			sourceTree = "<group>";
		};
		0F2D506DCBB157DCF250EEE3 /* Permissions */ = {
			isa = PBXGroup;
			children = (
				27E813C6FA7CF2969041A9B5 /* PermissionsManager.swift */,
			);
			path = Permissions;
			sourceTree = "<group>";
		};
		13D0A55821C556CAC08E3080 /* QuickApps */ = {
			isa = PBXGroup;
			children = (
				CBEDDB2B4592B763790FBF27 /* QuickAppsManagerTests.swift */,
			);
			path = QuickApps;
			sourceTree = "<group>";
		};
		14A1BB18F197BB7ADEA0B715 /* Services */ = {
			isa = PBXGroup;
			children = (
				2F985BA09133566DC8F21653 /* FileShelfService.swift */,
			);
			path = Services;
			sourceTree = "<group>";
		};
		152E6284CC2A5EC04D52276F /* Shared */ = {
			isa = PBXGroup;
			children = (
				F823010C27A6E2862B9CC177 /* Constants */,
				832C6377703082AED2C8D8B9 /* Extensions */,
				6AA25A2B5F319A204A975A53 /* Utilities */,
			);
			path = Shared;
			sourceTree = "<group>";
		};
		17E6BF45D2FD809A6A532095 /* Shortcuts */ = {
			isa = PBXGroup;
			children = (
				5C63A19AE9ECDFD5F3001B3C /* ShortcutModelTests.swift */,
				CAEEC10F6B3718E50FD4A2C7 /* ShortcutsTests.swift */,
			);
			path = Shortcuts;
			sourceTree = "<group>";
		};
		1A89429E62784E1DD6FC5011 /* App */ = {
			isa = PBXGroup;
			children = (
				CCF3F0B879D43A249ED96308 /* AppDelegate.swift */,
				CF425F341E40D7F033FAAFF6 /* CorniceApp.swift */,
			);
			path = App;
			sourceTree = "<group>";
		};
		1F6FE3BD0A2CCD4F09648602 /* Settings */ = {
			isa = PBXGroup;
			children = (
				4C37C8332C851C2FC8CBD7A7 /* SettingsKeysTests.swift */,
				3BAF2A1BA1B0CE707CCF6457 /* SettingsManagerTests.swift */,
				FD2508F009024F23D6E34103 /* SettingsTests.swift */,
			);
			path = Settings;
			sourceTree = "<group>";
		};
		2456B56A3C08C465EB823F5D /* Services */ = {
			isa = PBXGroup;
			children = (
				E643C0EDACD5DFB5A49DEC91 /* SystemMetricsService.swift */,
			);
			path = Services;
			sourceTree = "<group>";
		};
		25150AC03C13128703FE4BA5 /* State */ = {
			isa = PBXGroup;
			children = (
				45F4AC2B7FE5A3612DA859BF /* FeatureViewModels.swift */,
				B500FD01E38FAAF9FD506046 /* NotchState.swift */,
				BDE7C769C8D74E1B73AE0CEC /* NotchViewModel.swift */,
				2045C52C6D64A5A4A6AFD3CA /* ViewCoordinator.swift */,
			);
			path = State;
			sourceTree = "<group>";
		};
		27491639FBD492213EDA99CE /* Models */ = {
			isa = PBXGroup;
			children = (
				4A4E4EECF9B52946B2A74F98 /* ClipboardItem.swift */,
			);
			path = Models;
			sourceTree = "<group>";
		};
		2ADDA0CC01972DEEFEEC2A9C /* Views */ = {
			isa = PBXGroup;
			children = (
				3481EF76BDB02A156BD603AC /* SettingsView.swift */,
			);
			path = Views;
			sourceTree = "<group>";
		};
		3267FDB7CC5EC0FA7471228B /* Views */ = {
			isa = PBXGroup;
			children = (
				A4DF19E29B2C984BE2B2F86B /* AirDropView.swift */,
			);
			path = Views;
			sourceTree = "<group>";
		};
		326DE8521A63F78B30316440 /* Shared */ = {
			isa = PBXGroup;
			children = (
				7D2579C3F03F3ABF8D364CBA /* AppConstantsTests.swift */,
				7B206B0553BEE35A0860D4A8 /* NSScreenNotchTests.swift */,
			);
			path = Shared;
			sourceTree = "<group>";
		};
		345C75E4CFA3EF4B7966C69E /* Services */ = {
			isa = PBXGroup;
			children = (
				0E9C3A1015B148AEB3B9A32B /* AirDropMonitor.swift */,
			);
			path = Services;
			sourceTree = "<group>";
		};
		379CF6DFDC155186A60B545D /* ClipboardHistory */ = {
			isa = PBXGroup;
			children = (
				27491639FBD492213EDA99CE /* Models */,
				A2DA55738BAC42A15948F899 /* Services */,
				E58F9F5D20D23515196A269C /* ViewModels */,
				5C205D47AFF751B3C6AD9C04 /* Views */,
			);
			path = ClipboardHistory;
			sourceTree = "<group>";
		};
		3801FCA08FB4363351E88EC3 /* Notch */ = {
			isa = PBXGroup;
			children = (
				271AEDF085E0A1ADCA20D6A3 /* NotchDetector.swift */,
				21E47D70C0A6FD11355363B5 /* NotchGeometryInfo.swift */,
				D417FA833B9D037B18B0E863 /* NotchHeightMode.swift */,
				55AF14B5B16116EE57959CE3 /* NotchShape.swift */,
				E6F2C31B1DAE6A87770758FB /* ScreenDescriptor.swift */,
			);
			path = Notch;
			sourceTree = "<group>";
		};
		3B0E777BEF808E0E2D6A2F71 /* Models */ = {
			isa = PBXGroup;
			children = (
				9B75695A665C90B9A03F7095 /* FileShelfModel.swift */,
			);
			path = Models;
			sourceTree = "<group>";
		};
		3DA68365DAE68B85BBD39746 /* Shortcuts */ = {
			isa = PBXGroup;
			children = (
				B3F7851D8DD2E1E541D6A700 /* Intents */,
				A2E7C89247EFE9128FA9B01A /* Models */,
				8A199DE266C817BB35C32188 /* Views */,
			);
			path = Shortcuts;
			sourceTree = "<group>";
		};
		3EB4ABC917444EB67DBEC067 /* MediaPlayer */ = {
			isa = PBXGroup;
			children = (
				D7B5E8505955A6346EB46138 /* MediaControllerTests.swift */,
				9424AFDC0FD765A99ED19E16 /* MusicManagerTests.swift */,
			);
			path = MediaPlayer;
			sourceTree = "<group>";
		};
		45463D8175414BB84EBDBA8B /* Settings */ = {
			isa = PBXGroup;
			children = (
				2ADDA0CC01972DEEFEEC2A9C /* Views */,
			);
			path = Settings;
			sourceTree = "<group>";
		};
		466F1D25E52AE67317BCD48B /* Models */ = {
			isa = PBXGroup;
			children = (
				711C8B941FD8B4631B47D0A9 /* QuickAppModel.swift */,
			);
			path = Models;
			sourceTree = "<group>";
		};
		4776B603B8EE1EE8448D609D /* Services */ = {
			isa = PBXGroup;
			children = (
				676B1E3942402C60CF85053A /* MediaRemoteService.swift */,
			);
			path = Services;
			sourceTree = "<group>";
		};
		4B85A3D625DC52025CF7F70F /* Models */ = {
			isa = PBXGroup;
			children = (
				1965F0A938961E5E7E6053A7 /* MediaPlayerModel.swift */,
			);
			path = Models;
			sourceTree = "<group>";
		};
		4DC06B6AAA7D6DF05270EE19 /* Views */ = {
			isa = PBXGroup;
			children = (
				66FFE3B251085C95F4DD0987 /* HUDView.swift */,
			);
			path = Views;
			sourceTree = "<group>";
		};
		4F0C9713254AAA8677576AF9 /* AirDrop */ = {
			isa = PBXGroup;
			children = (
				5B89726AE678C883977EA313 /* AirDropTests.swift */,
			);
			path = AirDrop;
			sourceTree = "<group>";
		};
		5C205D47AFF751B3C6AD9C04 /* Views */ = {
			isa = PBXGroup;
			children = (
				76507853DF4EB107872FDADC /* ClipboardHistoryView.swift */,
			);
			path = Views;
			sourceTree = "<group>";
		};
		6AA25A2B5F319A204A975A53 /* Utilities */ = {
			isa = PBXGroup;
			children = (
				23A89DB9829CCBBA637AF972 /* Logger.swift */,
			);
			path = Utilities;
			sourceTree = "<group>";
		};
		6B02524D2E14EA267B85A4C9 /* Views */ = {
			isa = PBXGroup;
			children = (
				F2492D5DEB7B5A3D06A71438 /* FileShelfView.swift */,
			);
			path = Views;
			sourceTree = "<group>";
		};
		6F59B307495282B198A766EF /* MediaPlayer */ = {
			isa = PBXGroup;
			children = (
				4B85A3D625DC52025CF7F70F /* Models */,
				4776B603B8EE1EE8448D609D /* Services */,
				C6A45BB6FDC48524FFD29DBC /* ViewModels */,
				77A476D358CEB8D4FA772629 /* Views */,
			);
			path = MediaPlayer;
			sourceTree = "<group>";
		};
		71C47583F5E002F784DF8B22 /* Sounds */ = {
			isa = PBXGroup;
			children = (
			);
			path = Sounds;
			sourceTree = "<group>";
		};
		740F61F38BD0A9F5EAB45974 = {
			isa = PBXGroup;
			children = (
				AE8899F4C918707942787043 /* Cornice */,
				CFA48E24CA4601E2496DFB05 /* CorniceTests */,
				96945BF30297C10F9F87E680 /* Products */,
			);
			sourceTree = "<group>";
		};
		7693FD43FFE7C07D8C5F3E51 /* ViewModels */ = {
			isa = PBXGroup;
			children = (
				DF2EF8D8F6F5731AB46EB8E1 /* CalendarViewModel.swift */,
			);
			path = ViewModels;
			sourceTree = "<group>";
		};
		77A476D358CEB8D4FA772629 /* Views */ = {
			isa = PBXGroup;
			children = (
				69961FF5CDCA03DB9AC04E42 /* MediaPlayerView.swift */,
			);
			path = Views;
			sourceTree = "<group>";
		};
		7DEE2D874CCB2FD62879A4F2 /* SystemMonitor */ = {
			isa = PBXGroup;
			children = (
				9684E57E07CC66659DDBF457 /* Models */,
				2456B56A3C08C465EB823F5D /* Services */,
				096B42CA475D8E8A66F432B0 /* ViewModels */,
				F83D12B76880193931122C68 /* Views */,
			);
			path = SystemMonitor;
			sourceTree = "<group>";
		};
		7F97B1F151AF248F53A39EAB /* QuickApps */ = {
			isa = PBXGroup;
			children = (
				466F1D25E52AE67317BCD48B /* Models */,
				CC3BA5D6158509B11A12D3C1 /* ViewModels */,
				980A71DE68D652982EA9FE15 /* Views */,
			);
			path = QuickApps;
			sourceTree = "<group>";
		};
		7FDE6D94506B4B45F2B37B5E /* ClipboardHistory */ = {
			isa = PBXGroup;
			children = (
				968EB7D572550B359B026C87 /* ClipboardMonitorTests.swift */,
				CB81FA320481A189FA0C3A84 /* ClipboardViewModelTests.swift */,
			);
			path = ClipboardHistory;
			sourceTree = "<group>";
		};
		80B75DE842EDF2062C2D6BA6 /* Services */ = {
			isa = PBXGroup;
			children = (
				9E9B6B8F8C088AAD7E2951E5 /* CalendarService.swift */,
			);
			path = Services;
			sourceTree = "<group>";
		};
		819EDCFC207726930A185C66 /* Models */ = {
			isa = PBXGroup;
			children = (
				E28646E30B44EE4F1B5D2045 /* AirDropModel.swift */,
			);
			path = Models;
			sourceTree = "<group>";
		};
		832C6377703082AED2C8D8B9 /* Extensions */ = {
			isa = PBXGroup;
			children = (
				6290FC6A34809977A562ADB5 /* NSScreen+Notch.swift */,
				5C287807A9A69FBA1914BA5B /* View+ConditionalModifier.swift */,
			);
			path = Extensions;
			sourceTree = "<group>";
		};
		8A199DE266C817BB35C32188 /* Views */ = {
			isa = PBXGroup;
			children = (
				451239E9AC92DD0DCA2F22BC /* ShortcutsView.swift */,
			);
			path = Views;
			sourceTree = "<group>";
		};
		8AD653DA54BCF6516E3E90B6 /* FileShelf */ = {
			isa = PBXGroup;
			children = (
				3B0E777BEF808E0E2D6A2F71 /* Models */,
				14A1BB18F197BB7ADEA0B715 /* Services */,
				073C1150EF0B7E77FF1A4865 /* ViewModels */,
				6B02524D2E14EA267B85A4C9 /* Views */,
			);
			path = FileShelf;
			sourceTree = "<group>";
		};
		9684E57E07CC66659DDBF457 /* Models */ = {
			isa = PBXGroup;
			children = (
				7613D6185BC4CE37C16340BD /* SystemMonitorModel.swift */,
			);
			path = Models;
			sourceTree = "<group>";
		};
		96945BF30297C10F9F87E680 /* Products */ = {
			isa = PBXGroup;
			children = (
				CA880DC0D088912A66785F80 /* Cornice.app */,
				792DB47679E1FAA3F1F3058E /* CorniceTests.xctest */,
			);
			name = Products;
			sourceTree = "<group>";
		};
		980A71DE68D652982EA9FE15 /* Views */ = {
			isa = PBXGroup;
			children = (
				750824B13F6A36C439843A26 /* QuickAppsView.swift */,
			);
			path = Views;
			sourceTree = "<group>";
		};
		9D8F04E22097E5D2B4248CE7 /* Calendar */ = {
			isa = PBXGroup;
			children = (
				CFC6D5669A14567DBF958358 /* Models */,
				80B75DE842EDF2062C2D6BA6 /* Services */,
				7693FD43FFE7C07D8C5F3E51 /* ViewModels */,
				E0327D49E47F34B8460750C7 /* Views */,
			);
			path = Calendar;
			sourceTree = "<group>";
		};
		A2DA55738BAC42A15948F899 /* Services */ = {
			isa = PBXGroup;
			children = (
				1B64F41B5E67B76A574738ED /* ClipboardMonitor.swift */,
			);
			path = Services;
			sourceTree = "<group>";
		};
		A2E7C89247EFE9128FA9B01A /* Models */ = {
			isa = PBXGroup;
			children = (
				ECDC6EBBE22E2FFCB594694F /* ShortcutModel.swift */,
			);
			path = Models;
			sourceTree = "<group>";
		};
		ACB5EE12B05A6FC61DCC2892 /* Core */ = {
			isa = PBXGroup;
			children = (
				C160ECB63441C9BBB89DA46C /* Animation */,
				3801FCA08FB4363351E88EC3 /* Notch */,
				0F2D506DCBB157DCF250EEE3 /* Permissions */,
				25150AC03C13128703FE4BA5 /* State */,
				D6DCEACA261184F5F752604D /* Views */,
				BF56ED048735C33CF0319E1D /* Window */,
			);
			path = Core;
			sourceTree = "<group>";
		};
		AE8899F4C918707942787043 /* Cornice */ = {
			isa = PBXGroup;
			children = (
				1A89429E62784E1DD6FC5011 /* App */,
				ACB5EE12B05A6FC61DCC2892 /* Core */,
				DBB1D738A44F54034D8E1FAA /* Features */,
				B2454B774D8CE69EE08D2880 /* Resources */,
				45463D8175414BB84EBDBA8B /* Settings */,
				152E6284CC2A5EC04D52276F /* Shared */,
			);
			path = Cornice;
			sourceTree = "<group>";
		};
		AFD9B4BDEE6843E5C94F6205 /* Models */ = {
			isa = PBXGroup;
			children = (
				BC135909AEC114DC5654A67E /* HUDModel.swift */,
			);
			path = Models;
			sourceTree = "<group>";
		};
		B2454B774D8CE69EE08D2880 /* Resources */ = {
			isa = PBXGroup;
			children = (
				5AB1FD8E636ABAFAEF57A7D4 /* Assets.xcassets */,
				71C47583F5E002F784DF8B22 /* Sounds */,
			);
			path = Resources;
			sourceTree = "<group>";
		};
		B3F7851D8DD2E1E541D6A700 /* Intents */ = {
			isa = PBXGroup;
			children = (
				7DC8632641EFEAE390891B29 /* CorniceIntents.swift */,
			);
			path = Intents;
			sourceTree = "<group>";
		};
		B57291EBD35376B08CC1B0BA /* HUDReplacement */ = {
			isa = PBXGroup;
			children = (
				AFD9B4BDEE6843E5C94F6205 /* Models */,
				DBBE0A4EE277CBE36E12498F /* Services */,
				C47D6AC378DFC552A772D5A8 /* ViewModels */,
				4DC06B6AAA7D6DF05270EE19 /* Views */,
			);
			path = HUDReplacement;
			sourceTree = "<group>";
		};
		B9A53925E7E67933593961FA /* Mirror */ = {
			isa = PBXGroup;
			children = (
				57C452D0BB96F5D9B3ACD70B /* CameraServiceTests.swift */,
			);
			path = Mirror;
			sourceTree = "<group>";
		};
		B9AA7F783855E9A52EB38D65 /* HUDReplacement */ = {
			isa = PBXGroup;
			children = (
				E44632007C41FFCFEE0CCB1A /* HUDManagerTests.swift */,
				02D267734563384B9D78C028 /* MediaKeyInterceptorTests.swift */,
				DE060857CBE29CD9B3FD77A4 /* VolumeControllerTests.swift */,
			);
			path = HUDReplacement;
			sourceTree = "<group>";
		};
		BF56ED048735C33CF0319E1D /* Window */ = {
			isa = PBXGroup;
			children = (
				72080747A91F67DFDB5D932B /* HoverDetector.swift */,
				D18BBEDC67A56EC4F8B1F408 /* NotchPanel.swift */,
				94CC8F92A400323CF3CE83E7 /* NotchPanelController.swift */,
				470D1E2B6B550ECA0C476915 /* ScreenManager.swift */,
			);
			path = Window;
			sourceTree = "<group>";
		};
		C160ECB63441C9BBB89DA46C /* Animation */ = {
			isa = PBXGroup;
			children = (
				4CA3D346E90308069014FD11 /* AnimationConstants.swift */,
			);
			path = Animation;
			sourceTree = "<group>";
		};
		C47D6AC378DFC552A772D5A8 /* ViewModels */ = {
			isa = PBXGroup;
			children = (
				07F0844D5CD643A734F4D188 /* HUDViewModel.swift */,
			);
			path = ViewModels;
			sourceTree = "<group>";
		};
		C6A45BB6FDC48524FFD29DBC /* ViewModels */ = {
			isa = PBXGroup;
			children = (
				2F13025995B831DE1C44D475 /* MediaPlayerViewModel.swift */,
			);
			path = ViewModels;
			sourceTree = "<group>";
		};
		C9C34176BA74200F932FFD6A /* TestHelpers */ = {
			isa = PBXGroup;
			children = (
				855F595CAAC547E68BCC7765 /* MockScreen.swift */,
				DAFB494D466A8D551A9699F3 /* TestTypes.swift */,
			);
			path = TestHelpers;
			sourceTree = "<group>";
		};
		CB75D0D4E3CA55FA278AA736 /* AirDrop */ = {
			isa = PBXGroup;
			children = (
				819EDCFC207726930A185C66 /* Models */,
				345C75E4CFA3EF4B7966C69E /* Services */,
				3267FDB7CC5EC0FA7471228B /* Views */,
			);
			path = AirDrop;
			sourceTree = "<group>";
		};
		CC3BA5D6158509B11A12D3C1 /* ViewModels */ = {
			isa = PBXGroup;
			children = (
				137545279B497122D7ADBBDE /* QuickAppsViewModel.swift */,
			);
			path = ViewModels;
			sourceTree = "<group>";
		};
		CFA48E24CA4601E2496DFB05 /* CorniceTests */ = {
			isa = PBXGroup;
			children = (
				D0496CC2CB55508A2D73F782 /* Core */,
				FB39F594B71C4BC15B34EB57 /* Features */,
				1F6FE3BD0A2CCD4F09648602 /* Settings */,
				326DE8521A63F78B30316440 /* Shared */,
				C9C34176BA74200F932FFD6A /* TestHelpers */,
			);
			path = CorniceTests;
			sourceTree = "<group>";
		};
		CFC6D5669A14567DBF958358 /* Models */ = {
			isa = PBXGroup;
			children = (
				2D616C6460A1C687FDE2B577 /* CalendarModel.swift */,
			);
			path = Models;
			sourceTree = "<group>";
		};
		D0496CC2CB55508A2D73F782 /* Core */ = {
			isa = PBXGroup;
			children = (
				131645A899F2D79CEAB77B71 /* AnimationConstantsTests.swift */,
				C639689B5EFD761A09689DC1 /* NotchDetectorTests.swift */,
				B20F2062B75DA6CC37212472 /* NotchGeometryTests.swift */,
				2AAF0C149A077BDB0C0A9872 /* NotchShapeTests.swift */,
				587BC8DE1374E3DD2BB9632D /* NotchStateTests.swift */,
				E3A5D65EFD42DE5A096C0F14 /* NotchViewModelTests.swift */,
				503B10AFFDFD8FD7351507AF /* PermissionsManagerTests.swift */,
				0C6F26C27592B02B4B9E2B6B /* ViewCoordinatorTests.swift */,
			);
			path = Core;
			sourceTree = "<group>";
		};
		D493BFB1B21A9396EE238E2E /* Services */ = {
			isa = PBXGroup;
			children = (
				DDCCFED4496E191EE5D5A17F /* CameraService.swift */,
			);
			path = Services;
			sourceTree = "<group>";
		};
		D6DCEACA261184F5F752604D /* Views */ = {
			isa = PBXGroup;
			children = (
				B25E376837731C013F33848E /* ClosedStateView.swift */,
				D32E6068CFECE4B202F5E115 /* ContentView.swift */,
				87704473418484F241D891DE /* ExpandedDetailView.swift */,
				38E38EEB1ECD4CDCDD0DBE4E /* OpenStateView.swift */,
				56FC140D62B0E13805E862B8 /* SneakPeekView.swift */,
				B4585BE78FDA7362214DFC62 /* TabBarView.swift */,
			);
			path = Views;
			sourceTree = "<group>";
		};
		D71C92A29676181E3AF43469 /* Calendar */ = {
			isa = PBXGroup;
			children = (
				C64169742D6B7A25E8179321 /* CalendarManagerTests.swift */,
				3F12BAE1519C031E55224FAF /* CalendarViewModelTests.swift */,
			);
			path = Calendar;
			sourceTree = "<group>";
		};
		D9F69D8D7492F29F827CEB14 /* Mirror */ = {
			isa = PBXGroup;
			children = (
				F44E51E624CB8DC466D98520 /* Models */,
				D493BFB1B21A9396EE238E2E /* Services */,
				FA685A384F5EA5C729782F2E /* Views */,
			);
			path = Mirror;
			sourceTree = "<group>";
		};
		DBB1D738A44F54034D8E1FAA /* Features */ = {
			isa = PBXGroup;
			children = (
				CB75D0D4E3CA55FA278AA736 /* AirDrop */,
				9D8F04E22097E5D2B4248CE7 /* Calendar */,
				379CF6DFDC155186A60B545D /* ClipboardHistory */,
				8AD653DA54BCF6516E3E90B6 /* FileShelf */,
				B57291EBD35376B08CC1B0BA /* HUDReplacement */,
				6F59B307495282B198A766EF /* MediaPlayer */,
				D9F69D8D7492F29F827CEB14 /* Mirror */,
				7F97B1F151AF248F53A39EAB /* QuickApps */,
				3DA68365DAE68B85BBD39746 /* Shortcuts */,
				7DEE2D874CCB2FD62879A4F2 /* SystemMonitor */,
			);
			path = Features;
			sourceTree = "<group>";
		};
		DBBE0A4EE277CBE36E12498F /* Services */ = {
			isa = PBXGroup;
			children = (
				70A6B971C3D272D971B97669 /* HUDInterceptor.swift */,
			);
			path = Services;
			sourceTree = "<group>";
		};
		E0327D49E47F34B8460750C7 /* Views */ = {
			isa = PBXGroup;
			children = (
				BF50739A7B0F525D98FE258C /* CalendarView.swift */,
			);
			path = Views;
			sourceTree = "<group>";
		};
		E58F9F5D20D23515196A269C /* ViewModels */ = {
			isa = PBXGroup;
			children = (
				557CE3F72A446C2B78B94219 /* ClipboardHistoryViewModel.swift */,
			);
			path = ViewModels;
			sourceTree = "<group>";
		};
		E712931AFB7F9986193F9FB7 /* FileShelf */ = {
			isa = PBXGroup;
			children = (
				CBDE2937B336111E60640072 /* ShelfDropServiceTests.swift */,
				2AA0ED914BFB08F4DBBADDDB /* ShelfStateViewModelTests.swift */,
				1743B079E87C465D9E651A73 /* TemporaryFileStorageTests.swift */,
			);
			path = FileShelf;
			sourceTree = "<group>";
		};
		EE7E21A2FBF89E8D0B1AF1C9 /* SystemMonitor */ = {
			isa = PBXGroup;
			children = (
				9EDE1B0CF7120230A7841379 /* BatteryMonitorTests.swift */,
				FBC29BD1C001D6C3A393A97B /* CPUMonitorTests.swift */,
				E1774E918F538D9E06E27265 /* MemoryMonitorTests.swift */,
				1D8615FFDD38ED9CF2CD5F01 /* NetworkMonitorTests.swift */,
				E0698A6593D7F91630D604D6 /* SystemMonitorViewModelTests.swift */,
			);
			path = SystemMonitor;
			sourceTree = "<group>";
		};
		F44E51E624CB8DC466D98520 /* Models */ = {
			isa = PBXGroup;
			children = (
				DB0C5D306E70456425A9498D /* MirrorModel.swift */,
			);
			path = Models;
			sourceTree = "<group>";
		};
		F823010C27A6E2862B9CC177 /* Constants */ = {
			isa = PBXGroup;
			children = (
				963D71DE959CC0D1FDB242A5 /* AppConstants.swift */,
				00726D8B3E2AA91A5250A882 /* SettingsKeys.swift */,
			);
			path = Constants;
			sourceTree = "<group>";
		};
		F83D12B76880193931122C68 /* Views */ = {
			isa = PBXGroup;
			children = (
				C985658D694A474490DA129F /* SystemMonitorView.swift */,
			);
			path = Views;
			sourceTree = "<group>";
		};
		FA685A384F5EA5C729782F2E /* Views */ = {
			isa = PBXGroup;
			children = (
				10BFDEA31227D3D0002A2909 /* MirrorView.swift */,
			);
			path = Views;
			sourceTree = "<group>";
		};
		FB39F594B71C4BC15B34EB57 /* Features */ = {
			isa = PBXGroup;
			children = (
				4F0C9713254AAA8677576AF9 /* AirDrop */,
				D71C92A29676181E3AF43469 /* Calendar */,
				7FDE6D94506B4B45F2B37B5E /* ClipboardHistory */,
				E712931AFB7F9986193F9FB7 /* FileShelf */,
				B9AA7F783855E9A52EB38D65 /* HUDReplacement */,
				3EB4ABC917444EB67DBEC067 /* MediaPlayer */,
				B9A53925E7E67933593961FA /* Mirror */,
				13D0A55821C556CAC08E3080 /* QuickApps */,
				17E6BF45D2FD809A6A532095 /* Shortcuts */,
				EE7E21A2FBF89E8D0B1AF1C9 /* SystemMonitor */,
			);
			path = Features;
			sourceTree = "<group>";
		};
/* End PBXGroup section */

/* Begin PBXNativeTarget section */
		2EC48B0BB2A66F6EB39DD9FF /* CorniceTests */ = {
			isa = PBXNativeTarget;
			buildConfigurationList = D368229873A035EDAB70407A /* Build configuration list for PBXNativeTarget "CorniceTests" */;
			buildPhases = (
				C514B49E2D6BDDE9C1A9AA7B /* Sources */,
			);
			buildRules = (
			);
			dependencies = (
				C00F98296CE7CF465F556844 /* PBXTargetDependency */,
			);
			name = CorniceTests;
			packageProductDependencies = (
			);
			productName = CorniceTests;
			productReference = 792DB47679E1FAA3F1F3058E /* CorniceTests.xctest */;
			productType = "com.apple.product-type.bundle.unit-test";
		};
		58D9058CE28431C413B942FD /* Cornice */ = {
			isa = PBXNativeTarget;
			buildConfigurationList = 3355C925F2453C70C18BEDF5 /* Build configuration list for PBXNativeTarget "Cornice" */;
			buildPhases = (
				FC85E562D1E1091AF6AA8382 /* Sources */,
				9434000B3618F9B3CD5068B4 /* Resources */,
				E7423921A7B693A5FB81B03F /* Frameworks */,
			);
			buildRules = (
			);
			dependencies = (
			);
			name = Cornice;
			packageProductDependencies = (
				AAA7897B2CA8BF8B1D70E39C /* Defaults */,
				F553FB9945F6EC1D52406BAE /* KeyboardShortcuts */,
				F5523C837F669A1A30329787 /* LaunchAtLogin */,
				0BB57EBB652F8F58105117A5 /* Sparkle */,
			);
			productName = Cornice;
			productReference = CA880DC0D088912A66785F80 /* Cornice.app */;
			productType = "com.apple.product-type.application";
		};
/* End PBXNativeTarget section */

/* Begin PBXProject section */
		5355ED98AC136E374737F9A5 /* Project object */ = {
			isa = PBXProject;
			attributes = {
				BuildIndependentTargetsInParallel = YES;
				LastUpgradeCheck = 1600;
				TargetAttributes = {
					2EC48B0BB2A66F6EB39DD9FF = {
						ProvisioningStyle = Automatic;
					};
					58D9058CE28431C413B942FD = {
						ProvisioningStyle = Automatic;
					};
				};
			};
			buildConfigurationList = 74140563FCC9BEC51C86C0C4 /* Build configuration list for PBXProject "Cornice" */;
			developmentRegion = en;
			hasScannedForEncodings = 0;
			knownRegions = (
				Base,
				en,
			);
			mainGroup = 740F61F38BD0A9F5EAB45974;
			minimizedProjectReferenceProxies = 1;
			packageReferences = (
				9FEA8338EBE45C18136F71C6 /* XCRemoteSwiftPackageReference "Defaults" */,
				A9D620DF9E45DCF1F0E0B7DE /* XCRemoteSwiftPackageReference "KeyboardShortcuts" */,
				4AC9767D79CB1BD107185850 /* XCRemoteSwiftPackageReference "LaunchAtLogin-Modern" */,
				8974B02379699703E35A4337 /* XCRemoteSwiftPackageReference "Sparkle" */,
			);
			preferredProjectObjectVersion = 77;
			productRefGroup = 96945BF30297C10F9F87E680 /* Products */;
			projectDirPath = "";
			projectRoot = "";
			targets = (
				58D9058CE28431C413B942FD /* Cornice */,
				2EC48B0BB2A66F6EB39DD9FF /* CorniceTests */,
			);
		};
/* End PBXProject section */

/* Begin PBXResourcesBuildPhase section */
		9434000B3618F9B3CD5068B4 /* Resources */ = {
			isa = PBXResourcesBuildPhase;
			buildActionMask = 2147483647;
			files = (
				F61D46605E19C7B03CA0DB77 /* Assets.xcassets in Resources */,
			);
			runOnlyForDeploymentPostprocessing = 0;
		};
/* End PBXResourcesBuildPhase section */

/* Begin PBXSourcesBuildPhase section */
		C514B49E2D6BDDE9C1A9AA7B /* Sources */ = {
			isa = PBXSourcesBuildPhase;
			buildActionMask = 2147483647;
			files = (
				95C9D9580325F8627F72F6C6 /* AirDropTests.swift in Sources */,
				04ECE3EDDC8307A93346C8D7 /* AnimationConstantsTests.swift in Sources */,
				523B682CC9017ED63515E98F /* AppConstantsTests.swift in Sources */,
				A93081E68988D9513F9748EA /* BatteryMonitorTests.swift in Sources */,
				29817166F1617D16EAD52D31 /* CPUMonitorTests.swift in Sources */,
				8714F68B3A3B0C244AE21711 /* CalendarManagerTests.swift in Sources */,
				95C4911F57D66D8B6DD004E1 /* CalendarViewModelTests.swift in Sources */,
				3B1953C4D3892E4F43EDB0A3 /* CameraServiceTests.swift in Sources */,
				BF7C4B24CA99B9D57EAEAA83 /* ClipboardMonitorTests.swift in Sources */,
				A4915796935769FA3B79D30D /* ClipboardViewModelTests.swift in Sources */,
				B68DE8E383388E1B5FCEEE50 /* HUDManagerTests.swift in Sources */,
				90621D52929420C77A23731D /* MediaControllerTests.swift in Sources */,
				41221512072389DD693490EE /* MediaKeyInterceptorTests.swift in Sources */,
				B5D9616E455A215D19C03A65 /* MemoryMonitorTests.swift in Sources */,
				7C1944A52B0395BF3576CC70 /* MockScreen.swift in Sources */,
				C93F48BE4BC695E6FC0BF107 /* MusicManagerTests.swift in Sources */,
				30B1CAC40007CEC46BFA0F11 /* NSScreenNotchTests.swift in Sources */,
				D9C86CF09BAF91473ECD07A2 /* NetworkMonitorTests.swift in Sources */,
				401ED17CC556CBE70EF33EB2 /* NotchDetectorTests.swift in Sources */,
				DB70EEFCF787EE17D9AEBED0 /* NotchGeometryTests.swift in Sources */,
				1F2C0519E21F42BF27E02F3D /* NotchShapeTests.swift in Sources */,
				E2D5AC0B322F89463563D7F8 /* NotchStateTests.swift in Sources */,
				C80CF8AD4028375DD8CC938A /* NotchViewModelTests.swift in Sources */,
				30BFDC03552C731E46970805 /* PermissionsManagerTests.swift in Sources */,
				BE511A301E1DD956B431DAD5 /* QuickAppsManagerTests.swift in Sources */,
				89B60E15D4AFB1C64090659F /* SettingsKeysTests.swift in Sources */,
				266174CC2FAE0952F17E80DA /* SettingsManagerTests.swift in Sources */,
				309EAD6D20E934B7E88911DD /* SettingsTests.swift in Sources */,
				326E3C23D4A1B447F9070FB8 /* ShelfDropServiceTests.swift in Sources */,
				4868526E503A0A20F91876ED /* ShelfStateViewModelTests.swift in Sources */,
				762648D50328FE81FF41297C /* ShortcutModelTests.swift in Sources */,
				5BE6BB29E76220D009FBD89F /* ShortcutsTests.swift in Sources */,
				D7555DE3A95B2568102C5826 /* SystemMonitorViewModelTests.swift in Sources */,
				F28F50D5C9256F4E3C526074 /* TemporaryFileStorageTests.swift in Sources */,
				2B3A5E5495C8A32B92FBD9CE /* TestTypes.swift in Sources */,
				A4750DBC2EDE3F919DB61B8E /* ViewCoordinatorTests.swift in Sources */,
				780766750991CB7F9CC646C1 /* VolumeControllerTests.swift in Sources */,
			);
			runOnlyForDeploymentPostprocessing = 0;
		};
		FC85E562D1E1091AF6AA8382 /* Sources */ = {
			isa = PBXSourcesBuildPhase;
			buildActionMask = 2147483647;
			files = (
				EEEDC2CE2F0B00ACF397F637 /* AirDropModel.swift in Sources */,
				FE7666BF4C4FAA43F3038162 /* AirDropMonitor.swift in Sources */,
				6C99A2A853BFBFB9266CFE62 /* AirDropView.swift in Sources */,
				9ACC52641B58DE46F0DF23BB /* AnimationConstants.swift in Sources */,
				D8D066293D4C595DBB1392B0 /* AppConstants.swift in Sources */,
				B62440B529B2ABC6F8801159 /* AppDelegate.swift in Sources */,
				9D1C3073E3245A1731C72589 /* CalendarModel.swift in Sources */,
				605112C540BE5A4CBB5BFF83 /* CalendarService.swift in Sources */,
				501EFE03BC29902700F02FB8 /* CalendarView.swift in Sources */,
				0CCF5AC7D9A81DB31054C7C3 /* CalendarViewModel.swift in Sources */,
				1F61AA5F2BD51D8B9026E0CA /* CameraService.swift in Sources */,
				BE3DCA346E68BF23A74E8113 /* ClipboardHistoryView.swift in Sources */,
				9A0A92A673CDCE7EEDD990D1 /* ClipboardHistoryViewModel.swift in Sources */,
				0EA6501341F52F77A730982E /* ClipboardItem.swift in Sources */,
				80684F2B8421204335B6544A /* ClipboardMonitor.swift in Sources */,
				6F6A6C38F94C96E3C2059766 /* ClosedStateView.swift in Sources */,
				E26E6303CF29D5BD81E0DBE0 /* ContentView.swift in Sources */,
				9FCA439CD2C9D11FCE23DF30 /* CorniceApp.swift in Sources */,
				20C6855011B6299158F4637E /* CorniceIntents.swift in Sources */,
				B66D9221E3BC476DE77304AD /* ExpandedDetailView.swift in Sources */,
				55222E441ADE81F74BE67495 /* FeatureViewModels.swift in Sources */,
				3A9D483C094685D816CC528F /* FileShelfModel.swift in Sources */,
				67C3F509B77D0884E5ECC745 /* FileShelfService.swift in Sources */,
				01B1533DB48897C229816B97 /* FileShelfView.swift in Sources */,
				307C705D0F7EE60560244CF1 /* FileShelfViewModel.swift in Sources */,
				F3936DD18D375118CFC5564A /* HUDInterceptor.swift in Sources */,
				AF804E0DDE6FE6170D4F4199 /* HUDModel.swift in Sources */,
				E4B46D38F2E4A9DEF648B235 /* HUDView.swift in Sources */,
				2C0BF405815D0EC7AE3AB48E /* HUDViewModel.swift in Sources */,
				C98FF8A858C01D92A80EAAAE /* HoverDetector.swift in Sources */,
				99DC338B841D80D27707F192 /* Logger.swift in Sources */,
				C99E95836B930866B9F67534 /* MediaPlayerModel.swift in Sources */,
				864F5602FC51EC5A20032A74 /* MediaPlayerView.swift in Sources */,
				50BF4DA9C2E58C7D8CCDF8D0 /* MediaPlayerViewModel.swift in Sources */,
				88EE7E82B0A6E9ACD989137B /* MediaRemoteService.swift in Sources */,
				EB0A0961B622EF72D919A0A2 /* MirrorModel.swift in Sources */,
				15808D9986011928C7329B1D /* MirrorView.swift in Sources */,
				355F0F6309A7675D406B2F80 /* NSScreen+Notch.swift in Sources */,
				92EB0A74FB832873EE8A6FC7 /* NotchDetector.swift in Sources */,
				7904C9DE44276ED9752D6A21 /* NotchGeometryInfo.swift in Sources */,
				08501EC420DC05F5C145F087 /* NotchHeightMode.swift in Sources */,
				997E2C8CA31A84ADCADF8DF3 /* NotchPanel.swift in Sources */,
				BC6560E7032EF0A5CC68A80B /* NotchPanelController.swift in Sources */,
				A4F1056BACE80CC37C195453 /* NotchShape.swift in Sources */,
				A4D73E0D11190CD3CCFC6264 /* NotchState.swift in Sources */,
				BA6A24C7A5C730A83B44F72C /* NotchViewModel.swift in Sources */,
				A5BB2FFF722C446ECDE2A328 /* OpenStateView.swift in Sources */,
				EE1357DD9B24483FA8D4EC26 /* PermissionsManager.swift in Sources */,
				6617B20FDBB2A77BEF1F3F4A /* QuickAppModel.swift in Sources */,
				BB2739D4E60B37CB6EE49C53 /* QuickAppsView.swift in Sources */,
				612917F4412E4E14CD0EFC4A /* QuickAppsViewModel.swift in Sources */,
				69A14811A6F44BC2325742FB /* ScreenDescriptor.swift in Sources */,
				776992E7682CFEC25CF451E7 /* ScreenManager.swift in Sources */,
				39C5D097473C858109F82CD0 /* SettingsKeys.swift in Sources */,
				6CB34E93F9086D46F5651775 /* SettingsView.swift in Sources */,
				23608A9F103209E56EC5371E /* ShortcutModel.swift in Sources */,
				F72486E0B2AB96BCC56FC448 /* ShortcutsView.swift in Sources */,
				EF5524818F24BC918759ED00 /* SneakPeekView.swift in Sources */,
				E8340872820586042C01EE0B /* SystemMetricsService.swift in Sources */,
				3F2BB21FAB4944E7171EF2A0 /* SystemMonitorModel.swift in Sources */,
				D81F008368826ABF94329B0F /* SystemMonitorView.swift in Sources */,
				650599282DE796A1F50F1E35 /* SystemMonitorViewModel.swift in Sources */,
				85B929DFC10E506015FEA2C2 /* TabBarView.swift in Sources */,
				C956DD783075471074E7ED90 /* View+ConditionalModifier.swift in Sources */,
				7D0990D8D511D70F5C5B697C /* ViewCoordinator.swift in Sources */,
			);
			runOnlyForDeploymentPostprocessing = 0;
		};
/* End PBXSourcesBuildPhase section */

/* Begin PBXTargetDependency section */
		C00F98296CE7CF465F556844 /* PBXTargetDependency */ = {
			isa = PBXTargetDependency;
			target = 58D9058CE28431C413B942FD /* Cornice */;
			targetProxy = 97A40EE340E5F67D1FA441B6 /* PBXContainerItemProxy */;
		};
/* End PBXTargetDependency section */

/* Begin XCBuildConfiguration section */
		113AD1DBB17E7E9AA3BE26D0 /* Debug */ = {
			isa = XCBuildConfiguration;
			buildSettings = {
				BUNDLE_LOADER = "$(TEST_HOST)";
				PRODUCT_BUNDLE_IDENTIFIER = com.cornice.app.tests;
				TEST_HOST = "$(BUILT_PRODUCTS_DIR)/Cornice.app/Contents/MacOS/Cornice";
			};
			name = Debug;
		};
		155F9A8E3D3F8C6AC5B439CC /* Debug */ = {
			isa = XCBuildConfiguration;
			buildSettings = {
				CODE_SIGN_IDENTITY = "-";
				CODE_SIGN_STYLE = Automatic;
				ENABLE_HARDENED_RUNTIME = YES;
				MACOSX_DEPLOYMENT_TARGET = 14.0;
				SDKROOT = macosx;
				SWIFT_VERSION = 5.9;
			};
			name = Debug;
		};
		489785F24F845138F4EDCEF0 /* Debug */ = {
			isa = XCBuildConfiguration;
			buildSettings = {
				ALWAYS_SEARCH_USER_PATHS = NO;
				CODE_SIGN_ENTITLEMENTS = Cornice/Resources/Cornice.entitlements;
				CURRENT_PROJECT_VERSION = 1;
				ENABLE_APP_SANDBOX = NO;
				GENERATE_INFOPLIST_FILE = NO;
				INFOPLIST_FILE = Cornice/Resources/Info.plist;
				LD_RUNPATH_SEARCH_PATHS = "$(inherited) @executable_path/../Frameworks";
				MARKETING_VERSION = 0.1.0;
				PRODUCT_BUNDLE_IDENTIFIER = com.cornice.app;
				PRODUCT_MODULE_NAME = Cornice;
				PRODUCT_NAME = Cornice;
			};
			name = Debug;
		};
		6756E9BA1087A9FFE4BD6CFF /* Release */ = {
			isa = XCBuildConfiguration;
			buildSettings = {
				CODE_SIGN_IDENTITY = "-";
				CODE_SIGN_STYLE = Automatic;
				ENABLE_HARDENED_RUNTIME = YES;
				MACOSX_DEPLOYMENT_TARGET = 14.0;
				SDKROOT = macosx;
				SWIFT_VERSION = 5.9;
			};
			name = Release;
		};
		949FC7B52921FA98102D3D0E /* Release */ = {
			isa = XCBuildConfiguration;
			buildSettings = {
				BUNDLE_LOADER = "$(TEST_HOST)";
				PRODUCT_BUNDLE_IDENTIFIER = com.cornice.app.tests;
				TEST_HOST = "$(BUILT_PRODUCTS_DIR)/Cornice.app/Contents/MacOS/Cornice";
			};
			name = Release;
		};
		D1E3C768FA85A8F2605B12D7 /* Release */ = {
			isa = XCBuildConfiguration;
			buildSettings = {
				ALWAYS_SEARCH_USER_PATHS = NO;
				CODE_SIGN_ENTITLEMENTS = Cornice/Resources/Cornice.entitlements;
				CURRENT_PROJECT_VERSION = 1;
				ENABLE_APP_SANDBOX = NO;
				GENERATE_INFOPLIST_FILE = NO;
				INFOPLIST_FILE = Cornice/Resources/Info.plist;
				LD_RUNPATH_SEARCH_PATHS = "$(inherited) @executable_path/../Frameworks";
				MARKETING_VERSION = 0.1.0;
				PRODUCT_BUNDLE_IDENTIFIER = com.cornice.app;
				PRODUCT_MODULE_NAME = Cornice;
				PRODUCT_NAME = Cornice;
			};
			name = Release;
		};
/* End XCBuildConfiguration section */

/* Begin XCConfigurationList section */
		3355C925F2453C70C18BEDF5 /* Build configuration list for PBXNativeTarget "Cornice" */ = {
			isa = XCConfigurationList;
			buildConfigurations = (
				489785F24F845138F4EDCEF0 /* Debug */,
				D1E3C768FA85A8F2605B12D7 /* Release */,
			);
			defaultConfigurationIsVisible = 0;
			defaultConfigurationName = Debug;
		};
		74140563FCC9BEC51C86C0C4 /* Build configuration list for PBXProject "Cornice" */ = {
			isa = XCConfigurationList;
			buildConfigurations = (
				155F9A8E3D3F8C6AC5B439CC /* Debug */,
				6756E9BA1087A9FFE4BD6CFF /* Release */,
			);
			defaultConfigurationIsVisible = 0;
			defaultConfigurationName = Debug;
		};
		D368229873A035EDAB70407A /* Build configuration list for PBXNativeTarget "CorniceTests" */ = {
			isa = XCConfigurationList;
			buildConfigurations = (
				113AD1DBB17E7E9AA3BE26D0 /* Debug */,
				949FC7B52921FA98102D3D0E /* Release */,
			);
			defaultConfigurationIsVisible = 0;
			defaultConfigurationName = Debug;
		};
/* End XCConfigurationList section */

/* Begin XCRemoteSwiftPackageReference section */
		4AC9767D79CB1BD107185850 /* XCRemoteSwiftPackageReference "LaunchAtLogin-Modern" */ = {
			isa = XCRemoteSwiftPackageReference;
			repositoryURL = "https://github.com/sindresorhus/LaunchAtLogin-Modern.git";
			requirement = {
				kind = upToNextMajorVersion;
				minimumVersion = 1.1.0;
			};
		};
		8974B02379699703E35A4337 /* XCRemoteSwiftPackageReference "Sparkle" */ = {
			isa = XCRemoteSwiftPackageReference;
			repositoryURL = "https://github.com/sparkle-project/Sparkle.git";
			requirement = {
				kind = upToNextMajorVersion;
				minimumVersion = 2.6.0;
			};
		};
		9FEA8338EBE45C18136F71C6 /* XCRemoteSwiftPackageReference "Defaults" */ = {
			isa = XCRemoteSwiftPackageReference;
			repositoryURL = "https://github.com/sindresorhus/Defaults.git";
			requirement = {
				kind = upToNextMajorVersion;
				minimumVersion = 9.0.0;
			};
		};
		A9D620DF9E45DCF1F0E0B7DE /* XCRemoteSwiftPackageReference "KeyboardShortcuts" */ = {
			isa = XCRemoteSwiftPackageReference;
			repositoryURL = "https://github.com/sindresorhus/KeyboardShortcuts.git";
			requirement = {
				kind = upToNextMajorVersion;
				minimumVersion = 2.0.0;
			};
		};
/* End XCRemoteSwiftPackageReference section */

/* Begin XCSwiftPackageProductDependency section */
		0BB57EBB652F8F58105117A5 /* Sparkle */ = {
			isa = XCSwiftPackageProductDependency;
			package = 8974B02379699703E35A4337 /* XCRemoteSwiftPackageReference "Sparkle" */;
			productName = Sparkle;
		};
		AAA7897B2CA8BF8B1D70E39C /* Defaults */ = {
			isa = XCSwiftPackageProductDependency;
			package = 9FEA8338EBE45C18136F71C6 /* XCRemoteSwiftPackageReference "Defaults" */;
			productName = Defaults;
		};
		F5523C837F669A1A30329787 /* LaunchAtLogin */ = {
			isa = XCSwiftPackageProductDependency;
			package = 4AC9767D79CB1BD107185850 /* XCRemoteSwiftPackageReference "LaunchAtLogin-Modern" */;
			productName = LaunchAtLogin;
		};
		F553FB9945F6EC1D52406BAE /* KeyboardShortcuts */ = {
			isa = XCSwiftPackageProductDependency;
			package = A9D620DF9E45DCF1F0E0B7DE /* XCRemoteSwiftPackageReference "KeyboardShortcuts" */;
			productName = KeyboardShortcuts;
		};
/* End XCSwiftPackageProductDependency section */
	};
	rootObject = 5355ED98AC136E374737F9A5 /* Project object */;
}
